
Microsoft Visual Studio Solution File, Format Version 12.00
# Visual Studio Version 16
VisualStudioVersion = 16.0.32929.386
MinimumVisualStudioVersion = 10.0.40219.1
Project("{FAE04EC0-301F-11D3-BF4B-00C04F79EFBC}") = "WebsterJohnathanHomework10", "WebsterJohnathanHomework10.csproj", "{1D214DEF-68F7-47A5-9714-ED1D19385187}"
EndProject
Global
	GlobalSection(SolutionConfigurationPlatforms) = preSolution
		Debug|Any CPU = Debug|Any CPU
		Release|Any CPU = Release|Any CPU
	EndGlobalSection
	GlobalSection(ProjectConfigurationPlatforms) = postSolution
		{1D214DEF-68F7-47A5-9714-ED1D19385187}.Debug|Any CPU.ActiveCfg = Debug|Any CPU
		{1D214DEF-68F7-47A5-9714-ED1D19385187}.Debug|Any CPU.Build.0 = Debug|Any CPU
		{1D214DEF-68F7-47A5-9714-ED1D19385187}.Release|Any CPU.ActiveCfg = Release|Any CPU
		{1D214DEF-68F7-47A5-9714-ED1D19385187}.Release|Any CPU.Build.0 = Release|Any CPU
	EndGlobalSection
	GlobalSection(SolutionProperties) = preSolution
		HideSolutionNode = FALSE
	EndGlobalSection
	GlobalSection(ExtensibilityGlobals) = postSolution
		SolutionGuid = {B91734B4-8578-4EA9-AE1E-45A2B357EF87}
	EndGlobalSection
EndGlobal
